// !$*UTF8*$!
{
	archiveVersion = 1;
	classes = {
	};
	objectVersion = 55;
	objects = {

/* Begin PBXBuildFile section */
		1D15652A27DA6AFD00CDAC80 /* FoodRecipeApp.swift in Sources */ = {isa = PBXBuildFile; fileRef = 1D15652927DA6AFD00CDAC80 /* FoodRecipeApp.swift */; };
		1D15652E27DA6AFF00CDAC80 /* Assets.xcassets in Resources */ = {isa = PBXBuildFile; fileRef = 1D15652D27DA6AFF00CDAC80 /* Assets.xcassets */; };
		1D15653127DA6AFF00CDAC80 /* Preview Assets.xcassets in Resources */ = {isa = PBXBuildFile; fileRef = 1D15653027DA6AFF00CDAC80 /* Preview Assets.xcassets */; };
		1D78572627DAE55C000EE2E7 /* FoodRecipeServices.framework in Copy Framworks */ = {isa = PBXBuildFile; fileRef = 1D78572327DAE513000EE2E7 /* FoodRecipeServices.framework */; settings = {ATTRIBUTES = (CodeSignOnCopy, RemoveHeadersOnCopy, ); }; };
		1D78574427DAEB89000EE2E7 /* HomeView.swift in Sources */ = {isa = PBXBuildFile; fileRef = 1D78574327DAEB89000EE2E7 /* HomeView.swift */; };
		1D78574627DAEEAB000EE2E7 /* Images.xcassets in Resources */ = {isa = PBXBuildFile; fileRef = 1D78574527DAEEAB000EE2E7 /* Images.xcassets */; };
		1D78574A27DB7213000EE2E7 /* BasicBorderView.swift in Sources */ = {isa = PBXBuildFile; fileRef = 1D78574827DB7213000EE2E7 /* BasicBorderView.swift */; };
		1D78574B27DB7213000EE2E7 /* BackgroundFloatingView.swift in Sources */ = {isa = PBXBuildFile; fileRef = 1D78574927DB7213000EE2E7 /* BackgroundFloatingView.swift */; };
		1D78575127DCF67C000EE2E7 /* FoodRecipesViewModel.swift in Sources */ = {isa = PBXBuildFile; fileRef = 1D78575027DCF67C000EE2E7 /* FoodRecipesViewModel.swift */; };
		1D78575327DCF8E2000EE2E7 /* RecipeItemCard.swift in Sources */ = {isa = PBXBuildFile; fileRef = 1D78575227DCF8E1000EE2E7 /* RecipeItemCard.swift */; };
		1D78575527DCF96F000EE2E7 /* FoodRecipesView.swift in Sources */ = {isa = PBXBuildFile; fileRef = 1D78575427DCF96F000EE2E7 /* FoodRecipesView.swift */; };
		1D8A0B7B27DE8EAA008549F8 /* FoodRecipeDetailedView.swift in Sources */ = {isa = PBXBuildFile; fileRef = 1D8A0B7A27DE8EAA008549F8 /* FoodRecipeDetailedView.swift */; };
		1D8A0B7E27DE8FB1008549F8 /* WebImageView.swift in Sources */ = {isa = PBXBuildFile; fileRef = 1D8A0B7D27DE8FB1008549F8 /* WebImageView.swift */; };
		1D8A0B8127DE92BB008549F8 /* View+App.swift in Sources */ = {isa = PBXBuildFile; fileRef = 1D8A0B8027DE92BB008549F8 /* View+App.swift */; };
		1DA494A627E101650070B04C /* LoginView.swift in Sources */ = {isa = PBXBuildFile; fileRef = 1DA494A527E101650070B04C /* LoginView.swift */; };
		1DA494AD27E1020A0070B04C /* FloatingTextField.swift in Sources */ = {isa = PBXBuildFile; fileRef = 1DA494A727E102090070B04C /* FloatingTextField.swift */; };
		1DA494AE27E1020A0070B04C /* ToastMsg.swift in Sources */ = {isa = PBXBuildFile; fileRef = 1DA494A827E102090070B04C /* ToastMsg.swift */; };
		1DA494AF27E1020A0070B04C /* AppLink.swift in Sources */ = {isa = PBXBuildFile; fileRef = 1DA494A927E102090070B04C /* AppLink.swift */; };
		1DA494B027E1020A0070B04C /* AppBtnLabel.swift in Sources */ = {isa = PBXBuildFile; fileRef = 1DA494AA27E102090070B04C /* AppBtnLabel.swift */; };
		1DA494B127E1020A0070B04C /* LoadingCircle.swift in Sources */ = {isa = PBXBuildFile; fileRef = 1DA494AB27E1020A0070B04C /* LoadingCircle.swift */; };
		1DA494B227E1020A0070B04C /* AuthHeader.swift in Sources */ = {isa = PBXBuildFile; fileRef = 1DA494AC27E1020A0070B04C /* AuthHeader.swift */; };
		1DA494B627E1035D0070B04C /* Colors.xcassets in Resources */ = {isa = PBXBuildFile; fileRef = 1DA494B527E1035D0070B04C /* Colors.xcassets */; };
		1DA494B927E1038B0070B04C /* Font+App.swift in Sources */ = {isa = PBXBuildFile; fileRef = 1DA494B727E1038B0070B04C /* Font+App.swift */; };
		1DA494BA27E1038B0070B04C /* Color+App.swift in Sources */ = {isa = PBXBuildFile; fileRef = 1DA494B827E1038B0070B04C /* Color+App.swift */; };
		1DA494D027E105F00070B04C /* Poppins-ExtraLight.ttf in Resources */ = {isa = PBXBuildFile; fileRef = 1DA494BE27E105F00070B04C /* Poppins-ExtraLight.ttf */; };
		1DA494D127E105F00070B04C /* Poppins-ThinItalic.ttf in Resources */ = {isa = PBXBuildFile; fileRef = 1DA494BF27E105F00070B04C /* Poppins-ThinItalic.ttf */; };
		1DA494D227E105F00070B04C /* Poppins-ExtraLightItalic.ttf in Resources */ = {isa = PBXBuildFile; fileRef = 1DA494C027E105F00070B04C /* Poppins-ExtraLightItalic.ttf */; };
		1DA494D327E105F00070B04C /* Poppins-BoldItalic.ttf in Resources */ = {isa = PBXBuildFile; fileRef = 1DA494C127E105F00070B04C /* Poppins-BoldItalic.ttf */; };
		1DA494D427E105F00070B04C /* Poppins-Light.ttf in Resources */ = {isa = PBXBuildFile; fileRef = 1DA494C227E105F00070B04C /* Poppins-Light.ttf */; };
		1DA494D527E105F00070B04C /* Poppins-Medium.ttf in Resources */ = {isa = PBXBuildFile; fileRef = 1DA494C327E105F00070B04C /* Poppins-Medium.ttf */; };
		1DA494D627E105F00070B04C /* Poppins-SemiBoldItalic.ttf in Resources */ = {isa = PBXBuildFile; fileRef = 1DA494C427E105F00070B04C /* Poppins-SemiBoldItalic.ttf */; };
		1DA494D727E105F00070B04C /* Poppins-ExtraBoldItalic.ttf in Resources */ = {isa = PBXBuildFile; fileRef = 1DA494C527E105F00070B04C /* Poppins-ExtraBoldItalic.ttf */; };
		1DA494D827E105F00070B04C /* Poppins-ExtraBold.ttf in Resources */ = {isa = PBXBuildFile; fileRef = 1DA494C627E105F00070B04C /* Poppins-ExtraBold.ttf */; };
		1DA494D927E105F00070B04C /* Poppins-BlackItalic.ttf in Resources */ = {isa = PBXBuildFile; fileRef = 1DA494C727E105F00070B04C /* Poppins-BlackItalic.ttf */; };
		1DA494DA27E105F00070B04C /* Poppins-Regular.ttf in Resources */ = {isa = PBXBuildFile; fileRef = 1DA494C827E105F00070B04C /* Poppins-Regular.ttf */; };
		1DA494DB27E105F00070B04C /* Poppins-LightItalic.ttf in Resources */ = {isa = PBXBuildFile; fileRef = 1DA494C927E105F00070B04C /* Poppins-LightItalic.ttf */; };
		1DA494DC27E105F00070B04C /* Poppins-Bold.ttf in Resources */ = {isa = PBXBuildFile; fileRef = 1DA494CA27E105F00070B04C /* Poppins-Bold.ttf */; };
		1DA494DD27E105F00070B04C /* Poppins-Black.ttf in Resources */ = {isa = PBXBuildFile; fileRef = 1DA494CB27E105F00070B04C /* Poppins-Black.ttf */; };
		1DA494DE27E105F00070B04C /* Poppins-Thin.ttf in Resources */ = {isa = PBXBuildFile; fileRef = 1DA494CC27E105F00070B04C /* Poppins-Thin.ttf */; };
		1DA494DF27E105F00070B04C /* Poppins-SemiBold.ttf in Resources */ = {isa = PBXBuildFile; fileRef = 1DA494CD27E105F00070B04C /* Poppins-SemiBold.ttf */; };
		1DA494E027E105F00070B04C /* Poppins-Italic.ttf in Resources */ = {isa = PBXBuildFile; fileRef = 1DA494CE27E105F00070B04C /* Poppins-Italic.ttf */; };
		1DA494E127E105F00070B04C /* Poppins-MediumItalic.ttf in Resources */ = {isa = PBXBuildFile; fileRef = 1DA494CF27E105F00070B04C /* Poppins-MediumItalic.ttf */; };
		1DA494EC27E10A7A0070B04C /* LoginViewModel.swift in Sources */ = {isa = PBXBuildFile; fileRef = 1DA494EB27E10A7A0070B04C /* LoginViewModel.swift */; };
		1DA494F227E118540070B04C /* food.json in Resources */ = {isa = PBXBuildFile; fileRef = 1DA494F127E118540070B04C /* food.json */; };
		1DA494F427E1187D0070B04C /* LottieView.swift in Sources */ = {isa = PBXBuildFile; fileRef = 1DA494F327E1187D0070B04C /* LottieView.swift */; };
		1DA494FB27E11A480070B04C /* SplashView.swift in Sources */ = {isa = PBXBuildFile; fileRef = 1DA494FA27E11A480070B04C /* SplashView.swift */; };
		AD157E3F332DB3F1D009CD7C /* Pods_FoodRecipe.framework in Frameworks */ = {isa = PBXBuildFile; fileRef = 9AC92BEDE875CA5F81CABBA5 /* Pods_FoodRecipe.framework */; };
/* End PBXBuildFile section */

/* Begin PBXContainerItemProxy section */
		1D78572227DAE513000EE2E7 /* PBXContainerItemProxy */ = {
			isa = PBXContainerItemProxy;
			containerPortal = 1D78571E27DAE513000EE2E7 /* FoodRecipeServices.xcodeproj */;
			proxyType = 2;
			remoteGlobalIDString = 1D6D5A2427DAE420004054E4;
			remoteInfo = FoodRecipeServices;
		};
/* End PBXContainerItemProxy section */

/* Begin PBXCopyFilesBuildPhase section */
		1D78572427DAE51F000EE2E7 /* Copy Framworks */ = {
			isa = PBXCopyFilesBuildPhase;
			buildActionMask = 2147483647;
			dstPath = "";
			dstSubfolderSpec = 10;
			files = (
				1D78572627DAE55C000EE2E7 /* FoodRecipeServices.framework in Copy Framworks */,
			);
			name = "Copy Framworks";
			runOnlyForDeploymentPostprocessing = 0;
		};
/* End PBXCopyFilesBuildPhase section */

/* Begin PBXFileReference section */
		1D15652627DA6AFD00CDAC80 /* FoodRecipe.app */ = {isa = PBXFileReference; explicitFileType = wrapper.application; includeInIndex = 0; path = FoodRecipe.app; sourceTree = BUILT_PRODUCTS_DIR; };
		1D15652927DA6AFD00CDAC80 /* FoodRecipeApp.swift */ = {isa = PBXFileReference; lastKnownFileType = sourcecode.swift; path = FoodRecipeApp.swift; sourceTree = "<group>"; };
		1D15652D27DA6AFF00CDAC80 /* Assets.xcassets */ = {isa = PBXFileReference; lastKnownFileType = folder.assetcatalog; path = Assets.xcassets; sourceTree = "<group>"; };
		1D15653027DA6AFF00CDAC80 /* Preview Assets.xcassets */ = {isa = PBXFileReference; lastKnownFileType = folder.assetcatalog; path = "Preview Assets.xcassets"; sourceTree = "<group>"; };
		1D78571E27DAE513000EE2E7 /* FoodRecipeServices.xcodeproj */ = {isa = PBXFileReference; lastKnownFileType = "wrapper.pb-project"; name = FoodRecipeServices.xcodeproj; path = FoodRecipeServices/FoodRecipeServices.xcodeproj; sourceTree = SOURCE_ROOT; };
		1D78574327DAEB89000EE2E7 /* HomeView.swift */ = {isa = PBXFileReference; lastKnownFileType = sourcecode.swift; path = HomeView.swift; sourceTree = "<group>"; };
		1D78574527DAEEAB000EE2E7 /* Images.xcassets */ = {isa = PBXFileReference; lastKnownFileType = folder.assetcatalog; path = Images.xcassets; sourceTree = "<group>"; };
		1D78574827DB7213000EE2E7 /* BasicBorderView.swift */ = {isa = PBXFileReference; fileEncoding = 4; lastKnownFileType = sourcecode.swift; name = BasicBorderView.swift; path = "../../../Leedo/Leedo/View Compnents/BasicBorderView.swift"; sourceTree = "<group>"; };
		1D78574927DB7213000EE2E7 /* BackgroundFloatingView.swift */ = {isa = PBXFileReference; fileEncoding = 4; lastKnownFileType = sourcecode.swift; name = BackgroundFloatingView.swift; path = "../../../Leedo/Leedo/View Compnents/BackgroundFloatingView.swift"; sourceTree = "<group>"; };
		1D78575027DCF67C000EE2E7 /* FoodRecipesViewModel.swift */ = {isa = PBXFileReference; lastKnownFileType = sourcecode.swift; path = FoodRecipesViewModel.swift; sourceTree = "<group>"; };
		1D78575227DCF8E1000EE2E7 /* RecipeItemCard.swift */ = {isa = PBXFileReference; lastKnownFileType = sourcecode.swift; path = RecipeItemCard.swift; sourceTree = "<group>"; };
		1D78575427DCF96F000EE2E7 /* FoodRecipesView.swift */ = {isa = PBXFileReference; lastKnownFileType = sourcecode.swift; path = FoodRecipesView.swift; sourceTree = "<group>"; };
		1D8A0B7A27DE8EAA008549F8 /* FoodRecipeDetailedView.swift */ = {isa = PBXFileReference; lastKnownFileType = sourcecode.swift; path = FoodRecipeDetailedView.swift; sourceTree = "<group>"; };
		1D8A0B7D27DE8FB1008549F8 /* WebImageView.swift */ = {isa = PBXFileReference; lastKnownFileType = sourcecode.swift; path = WebImageView.swift; sourceTree = "<group>"; };
		1D8A0B8027DE92BB008549F8 /* View+App.swift */ = {isa = PBXFileReference; fileEncoding = 4; lastKnownFileType = sourcecode.swift; path = "View+App.swift"; sourceTree = "<group>"; };
		1DA494A527E101650070B04C /* LoginView.swift */ = {isa = PBXFileReference; fileEncoding = 4; lastKnownFileType = sourcecode.swift; name = LoginView.swift; path = ../../../../../leedoios/Leedo/Sences/Auth/Login/View/LoginView.swift; sourceTree = "<group>"; };
		1DA494A727E102090070B04C /* FloatingTextField.swift */ = {isa = PBXFileReference; fileEncoding = 4; lastKnownFileType = sourcecode.swift; name = FloatingTextField.swift; path = "../../../leedoios/Leedo/View Compnents/FloatingTextField.swift"; sourceTree = "<group>"; };
		1DA494A827E102090070B04C /* ToastMsg.swift */ = {isa = PBXFileReference; fileEncoding = 4; lastKnownFileType = sourcecode.swift; name = ToastMsg.swift; path = "../../../leedoios/Leedo/View Compnents/ToastMsg.swift"; sourceTree = "<group>"; };
		1DA494A927E102090070B04C /* AppLink.swift */ = {isa = PBXFileReference; fileEncoding = 4; lastKnownFileType = sourcecode.swift; name = AppLink.swift; path = "../../../leedoios/Leedo/View Compnents/AppLink.swift"; sourceTree = "<group>"; };
		1DA494AA27E102090070B04C /* AppBtnLabel.swift */ = {isa = PBXFileReference; fileEncoding = 4; lastKnownFileType = sourcecode.swift; name = AppBtnLabel.swift; path = "../../../leedoios/Leedo/View Compnents/AppBtnLabel.swift"; sourceTree = "<group>"; };
		1DA494AB27E1020A0070B04C /* LoadingCircle.swift */ = {isa = PBXFileReference; fileEncoding = 4; lastKnownFileType = sourcecode.swift; name = LoadingCircle.swift; path = "../../../leedoios/Leedo/View Compnents/LoadingCircle.swift"; sourceTree = "<group>"; };
		1DA494AC27E1020A0070B04C /* AuthHeader.swift */ = {isa = PBXFileReference; fileEncoding = 4; lastKnownFileType = sourcecode.swift; name = AuthHeader.swift; path = "../../../leedoios/Leedo/View Compnents/AuthHeader.swift"; sourceTree = "<group>"; };
		1DA494B527E1035D0070B04C /* Colors.xcassets */ = {isa = PBXFileReference; lastKnownFileType = folder.assetcatalog; path = Colors.xcassets; sourceTree = "<group>"; };
		1DA494B727E1038B0070B04C /* Font+App.swift */ = {isa = PBXFileReference; fileEncoding = 4; lastKnownFileType = sourcecode.swift; path = "Font+App.swift"; sourceTree = "<group>"; };
		1DA494B827E1038B0070B04C /* Color+App.swift */ = {isa = PBXFileReference; fileEncoding = 4; lastKnownFileType = sourcecode.swift; path = "Color+App.swift"; sourceTree = "<group>"; };
		1DA494BB27E105580070B04C /* Info.plist */ = {isa = PBXFileReference; lastKnownFileType = text.plist; path = Info.plist; sourceTree = "<group>"; };
		1DA494BE27E105F00070B04C /* Poppins-ExtraLight.ttf */ = {isa = PBXFileReference; lastKnownFileType = file; path = "Poppins-ExtraLight.ttf"; sourceTree = "<group>"; };
		1DA494BF27E105F00070B04C /* Poppins-ThinItalic.ttf */ = {isa = PBXFileReference; lastKnownFileType = file; path = "Poppins-ThinItalic.ttf"; sourceTree = "<group>"; };
		1DA494C027E105F00070B04C /* Poppins-ExtraLightItalic.ttf */ = {isa = PBXFileReference; lastKnownFileType = file; path = "Poppins-ExtraLightItalic.ttf"; sourceTree = "<group>"; };
		1DA494C127E105F00070B04C /* Poppins-BoldItalic.ttf */ = {isa = PBXFileReference; lastKnownFileType = file; path = "Poppins-BoldItalic.ttf"; sourceTree = "<group>"; };
		1DA494C227E105F00070B04C /* Poppins-Light.ttf */ = {isa = PBXFileReference; lastKnownFileType = file; path = "Poppins-Light.ttf"; sourceTree = "<group>"; };
		1DA494C327E105F00070B04C /* Poppins-Medium.ttf */ = {isa = PBXFileReference; lastKnownFileType = file; path = "Poppins-Medium.ttf"; sourceTree = "<group>"; };
		1DA494C427E105F00070B04C /* Poppins-SemiBoldItalic.ttf */ = {isa = PBXFileReference; lastKnownFileType = file; path = "Poppins-SemiBoldItalic.ttf"; sourceTree = "<group>"; };
		1DA494C527E105F00070B04C /* Poppins-ExtraBoldItalic.ttf */ = {isa = PBXFileReference; lastKnownFileType = file; path = "Poppins-ExtraBoldItalic.ttf"; sourceTree = "<group>"; };
		1DA494C627E105F00070B04C /* Poppins-ExtraBold.ttf */ = {isa = PBXFileReference; lastKnownFileType = file; path = "Poppins-ExtraBold.ttf"; sourceTree = "<group>"; };
		1DA494C727E105F00070B04C /* Poppins-BlackItalic.ttf */ = {isa = PBXFileReference; lastKnownFileType = file; path = "Poppins-BlackItalic.ttf"; sourceTree = "<group>"; };
		1DA494C827E105F00070B04C /* Poppins-Regular.ttf */ = {isa = PBXFileReference; lastKnownFileType = file; path = "Poppins-Regular.ttf"; sourceTree = "<group>"; };
		1DA494C927E105F00070B04C /* Poppins-LightItalic.ttf */ = {isa = PBXFileReference; lastKnownFileType = file; path = "Poppins-LightItalic.ttf"; sourceTree = "<group>"; };
		1DA494CA27E105F00070B04C /* Poppins-Bold.ttf */ = {isa = PBXFileReference; lastKnownFileType = file; path = "Poppins-Bold.ttf"; sourceTree = "<group>"; };
		1DA494CB27E105F00070B04C /* Poppins-Black.ttf */ = {isa = PBXFileReference; lastKnownFileType = file; path = "Poppins-Black.ttf"; sourceTree = "<group>"; };
		1DA494CC27E105F00070B04C /* Poppins-Thin.ttf */ = {isa = PBXFileReference; lastKnownFileType = file; path = "Poppins-Thin.ttf"; sourceTree = "<group>"; };
		1DA494CD27E105F00070B04C /* Poppins-SemiBold.ttf */ = {isa = PBXFileReference; lastKnownFileType = file; path = "Poppins-SemiBold.ttf"; sourceTree = "<group>"; };
		1DA494CE27E105F00070B04C /* Poppins-Italic.ttf */ = {isa = PBXFileReference; lastKnownFileType = file; path = "Poppins-Italic.ttf"; sourceTree = "<group>"; };
		1DA494CF27E105F00070B04C /* Poppins-MediumItalic.ttf */ = {isa = PBXFileReference; lastKnownFileType = file; path = "Poppins-MediumItalic.ttf"; sourceTree = "<group>"; };
		1DA494EB27E10A7A0070B04C /* LoginViewModel.swift */ = {isa = PBXFileReference; lastKnownFileType = sourcecode.swift; path = LoginViewModel.swift; sourceTree = "<group>"; };
		1DA494F127E118540070B04C /* food.json */ = {isa = PBXFileReference; fileEncoding = 4; lastKnownFileType = text.json; path = food.json; sourceTree = "<group>"; };
		1DA494F327E1187D0070B04C /* LottieView.swift */ = {isa = PBXFileReference; fileEncoding = 4; lastKnownFileType = sourcecode.swift; path = LottieView.swift; sourceTree = "<group>"; };
		1DA494FA27E11A480070B04C /* SplashView.swift */ = {isa = PBXFileReference; lastKnownFileType = sourcecode.swift; path = SplashView.swift; sourceTree = "<group>"; };
		1ECDF0C64EF8CB364461C86B /* Pods-FoodRecipe.release.xcconfig */ = {isa = PBXFileReference; includeInIndex = 1; lastKnownFileType = text.xcconfig; name = "Pods-FoodRecipe.release.xcconfig"; path = "Target Support Files/Pods-FoodRecipe/Pods-FoodRecipe.release.xcconfig"; sourceTree = "<group>"; };
		4A1507F502AD4E9F96154669 /* Pods-FoodRecipe.debug.xcconfig */ = {isa = PBXFileReference; includeInIndex = 1; lastKnownFileType = text.xcconfig; name = "Pods-FoodRecipe.debug.xcconfig"; path = "Target Support Files/Pods-FoodRecipe/Pods-FoodRecipe.debug.xcconfig"; sourceTree = "<group>"; };
		9AC92BEDE875CA5F81CABBA5 /* Pods_FoodRecipe.framework */ = {isa = PBXFileReference; explicitFileType = wrapper.framework; includeInIndex = 0; path = Pods_FoodRecipe.framework; sourceTree = BUILT_PRODUCTS_DIR; };
/* End PBXFileReference section */

/* Begin PBXFrameworksBuildPhase section */
		1D15652327DA6AFC00CDAC80 /* Frameworks */ = {
			isa = PBXFrameworksBuildPhase;
			buildActionMask = 2147483647;
			files = (
				AD157E3F332DB3F1D009CD7C /* Pods_FoodRecipe.framework in Frameworks */,
			);
			runOnlyForDeploymentPostprocessing = 0;
		};
/* End PBXFrameworksBuildPhase section */

/* Begin PBXGroup section */
		1D15651D27DA6AFC00CDAC80 = {
			isa = PBXGroup;
			children = (
				1D78571D27DAE4FE000EE2E7 /* Dependencies */,
				1D15652827DA6AFD00CDAC80 /* FoodRecipe */,
				1D15652727DA6AFD00CDAC80 /* Products */,
				3300DAD7E7CB805ED09FE7FA /* Pods */,
				5DAFEEC619EF25E8BCAA8430 /* Frameworks */,
			);
			sourceTree = "<group>";
		};
		1D15652727DA6AFD00CDAC80 /* Products */ = {
			isa = PBXGroup;
			children = (
				1D15652627DA6AFD00CDAC80 /* FoodRecipe.app */,
			);
			name = Products;
			sourceTree = "<group>";
		};
		1D15652827DA6AFD00CDAC80 /* FoodRecipe */ = {
			isa = PBXGroup;
			children = (
				1DA494BB27E105580070B04C /* Info.plist */,
				1D8A0B7F27DE9253008549F8 /* Extensions */,
				1D78574727DB71DA000EE2E7 /* View Compnents */,
				1D15653927DA6FB100CDAC80 /* Resources */,
				1D15653827DA6FA800CDAC80 /* App */,
				1D15653727DA6F5100CDAC80 /* Scenes */,
				1D15652F27DA6AFF00CDAC80 /* Preview Content */,
			);
			path = FoodRecipe;
			sourceTree = "<group>";
		};
		1D15652F27DA6AFF00CDAC80 /* Preview Content */ = {
			isa = PBXGroup;
			children = (
				1D15653027DA6AFF00CDAC80 /* Preview Assets.xcassets */,
			);
			path = "Preview Content";
			sourceTree = "<group>";
		};
		1D15653727DA6F5100CDAC80 /* Scenes */ = {
			isa = PBXGroup;
			children = (
				1DA494F827E11A380070B04C /* Splash */,
				1DA494A227E101330070B04C /* Login */,
				1D78574027DAEB4A000EE2E7 /* Home */,
			);
			path = Scenes;
			sourceTree = "<group>";
		};
		1D15653827DA6FA800CDAC80 /* App */ = {
			isa = PBXGroup;
			children = (
				1D15652927DA6AFD00CDAC80 /* FoodRecipeApp.swift */,
			);
			path = App;
			sourceTree = "<group>";
		};
		1D15653927DA6FB100CDAC80 /* Resources */ = {
			isa = PBXGroup;
			children = (
				1DA494EF27E1183A0070B04C /* Lottie */,
				1DA494E227E105F50070B04C /* Assets */,
				1DA494BD27E105F00070B04C /* Fonts */,
			);
			path = Resources;
			sourceTree = "<group>";
		};
		1D78571D27DAE4FE000EE2E7 /* Dependencies */ = {
			isa = PBXGroup;
			children = (
				1D78571E27DAE513000EE2E7 /* FoodRecipeServices.xcodeproj */,
			);
			path = Dependencies;
			sourceTree = "<group>";
		};
		1D78571F27DAE513000EE2E7 /* Products */ = {
			isa = PBXGroup;
			children = (
				1D78572327DAE513000EE2E7 /* FoodRecipeServices.framework */,
			);
			name = Products;
			sourceTree = "<group>";
		};
		1D78574027DAEB4A000EE2E7 /* Home */ = {
			isa = PBXGroup;
			children = (
				1D78574E27DCF665000EE2E7 /* View Model */,
				1D78574227DAEB72000EE2E7 /* View */,
			);
			path = Home;
			sourceTree = "<group>";
		};
		1D78574227DAEB72000EE2E7 /* View */ = {
			isa = PBXGroup;
			children = (
				1D78574327DAEB89000EE2E7 /* HomeView.swift */,
				1D78575427DCF96F000EE2E7 /* FoodRecipesView.swift */,
				1D8A0B7A27DE8EAA008549F8 /* FoodRecipeDetailedView.swift */,
			);
			path = View;
			sourceTree = "<group>";
		};
		1D78574727DB71DA000EE2E7 /* View Compnents */ = {
			isa = PBXGroup;
			children = (
				1DA494F327E1187D0070B04C /* LottieView.swift */,
				1DA494AA27E102090070B04C /* AppBtnLabel.swift */,
				1DA494A927E102090070B04C /* AppLink.swift */,
				1DA494AC27E1020A0070B04C /* AuthHeader.swift */,
				1DA494A727E102090070B04C /* FloatingTextField.swift */,
				1DA494AB27E1020A0070B04C /* LoadingCircle.swift */,
				1DA494A827E102090070B04C /* ToastMsg.swift */,
				1D78574927DB7213000EE2E7 /* BackgroundFloatingView.swift */,
				1D78574827DB7213000EE2E7 /* BasicBorderView.swift */,
				1D78575227DCF8E1000EE2E7 /* RecipeItemCard.swift */,
				1D8A0B7D27DE8FB1008549F8 /* WebImageView.swift */,
			);
			path = "View Compnents";
			sourceTree = "<group>";
		};
		1D78574E27DCF665000EE2E7 /* View Model */ = {
			isa = PBXGroup;
			children = (
				1D78575027DCF67C000EE2E7 /* FoodRecipesViewModel.swift */,
			);
			path = "View Model";
			sourceTree = "<group>";
		};
		1D8A0B7F27DE9253008549F8 /* Extensions */ = {
			isa = PBXGroup;
			children = (
				1DA494B827E1038B0070B04C /* Color+App.swift */,
				1DA494B727E1038B0070B04C /* Font+App.swift */,
				1D8A0B8027DE92BB008549F8 /* View+App.swift */,
			);
			path = Extensions;
			sourceTree = "<group>";
		};
		1DA494A227E101330070B04C /* Login */ = {
			isa = PBXGroup;
			children = (
				1DA494E927E10A670070B04C /* View Model */,
				1DA494A427E1013D0070B04C /* View */,
			);
			path = Login;
			sourceTree = "<group>";
		};
		1DA494A427E1013D0070B04C /* View */ = {
			isa = PBXGroup;
			children = (
				1DA494A527E101650070B04C /* LoginView.swift */,
			);
			path = View;
			sourceTree = "<group>";
		};
		1DA494BD27E105F00070B04C /* Fonts */ = {
			isa = PBXGroup;
			children = (
				1DA494BE27E105F00070B04C /* Poppins-ExtraLight.ttf */,
				1DA494BF27E105F00070B04C /* Poppins-ThinItalic.ttf */,
				1DA494C027E105F00070B04C /* Poppins-ExtraLightItalic.ttf */,
				1DA494C127E105F00070B04C /* Poppins-BoldItalic.ttf */,
				1DA494C227E105F00070B04C /* Poppins-Light.ttf */,
				1DA494C327E105F00070B04C /* Poppins-Medium.ttf */,
				1DA494C427E105F00070B04C /* Poppins-SemiBoldItalic.ttf */,
				1DA494C527E105F00070B04C /* Poppins-ExtraBoldItalic.ttf */,
				1DA494C627E105F00070B04C /* Poppins-ExtraBold.ttf */,
				1DA494C727E105F00070B04C /* Poppins-BlackItalic.ttf */,
				1DA494C827E105F00070B04C /* Poppins-Regular.ttf */,
				1DA494C927E105F00070B04C /* Poppins-LightItalic.ttf */,
				1DA494CA27E105F00070B04C /* Poppins-Bold.ttf */,
				1DA494CB27E105F00070B04C /* Poppins-Black.ttf */,
				1DA494CC27E105F00070B04C /* Poppins-Thin.ttf */,
				1DA494CD27E105F00070B04C /* Poppins-SemiBold.ttf */,
				1DA494CE27E105F00070B04C /* Poppins-Italic.ttf */,
				1DA494CF27E105F00070B04C /* Poppins-MediumItalic.ttf */,
			);
			path = Fonts;
			sourceTree = "<group>";
		};
		1DA494E227E105F50070B04C /* Assets */ = {
			isa = PBXGroup;
			children = (
				1DA494B527E1035D0070B04C /* Colors.xcassets */,
				1D15652D27DA6AFF00CDAC80 /* Assets.xcassets */,
				1D78574527DAEEAB000EE2E7 /* Images.xcassets */,
			);
			path = Assets;
			sourceTree = "<group>";
		};
		1DA494E927E10A670070B04C /* View Model */ = {
			isa = PBXGroup;
			children = (
				1DA494EB27E10A7A0070B04C /* LoginViewModel.swift */,
			);
			path = "View Model";
			sourceTree = "<group>";
		};
		1DA494EF27E1183A0070B04C /* Lottie */ = {
			isa = PBXGroup;
			children = (
				1DA494F127E118540070B04C /* food.json */,
			);
			path = Lottie;
			sourceTree = "<group>";
		};
		1DA494F827E11A380070B04C /* Splash */ = {
			isa = PBXGroup;
			children = (
				1DA494FA27E11A480070B04C /* SplashView.swift */,
			);
			path = Splash;
			sourceTree = "<group>";
		};
		3300DAD7E7CB805ED09FE7FA /* Pods */ = {
			isa = PBXGroup;
			children = (
				4A1507F502AD4E9F96154669 /* Pods-FoodRecipe.debug.xcconfig */,
				1ECDF0C64EF8CB364461C86B /* Pods-FoodRecipe.release.xcconfig */,
			);
			path = Pods;
			sourceTree = "<group>";
		};
		5DAFEEC619EF25E8BCAA8430 /* Frameworks */ = {
			isa = PBXGroup;
			children = (
				9AC92BEDE875CA5F81CABBA5 /* Pods_FoodRecipe.framework */,
			);
			name = Frameworks;
			sourceTree = "<group>";
		};
/* End PBXGroup section */

/* Begin PBXNativeTarget section */
		1D15652527DA6AFC00CDAC80 /* FoodRecipe */ = {
			isa = PBXNativeTarget;
			buildConfigurationList = 1D15653427DA6AFF00CDAC80 /* Build configuration list for PBXNativeTarget "FoodRecipe" */;
			buildPhases = (
				03F2CE8B8AB7F5FEAD1B6A1A /* [CP] Check Pods Manifest.lock */,
				1D15652227DA6AFC00CDAC80 /* Sources */,
				1D15652327DA6AFC00CDAC80 /* Frameworks */,
				1D15652427DA6AFC00CDAC80 /* Resources */,
				1D78572427DAE51F000EE2E7 /* Copy Framworks */,
				B59632B5F92DE9C74B524F63 /* [CP] Embed Pods Frameworks */,
			);
			buildRules = (
			);
			dependencies = (
			);
			name = FoodRecipe;
			productName = FoodRecipe;
			productReference = 1D15652627DA6AFD00CDAC80 /* FoodRecipe.app */;
			productType = "com.apple.product-type.application";
		};
/* End PBXNativeTarget section */

/* Begin PBXProject section */
		1D15651E27DA6AFC00CDAC80 /* Project object */ = {
			isa = PBXProject;
			attributes = {
				BuildIndependentTargetsInParallel = 1;
				LastSwiftUpdateCheck = 1310;
				LastUpgradeCheck = 1310;
				TargetAttributes = {
					1D15652527DA6AFC00CDAC80 = {
						CreatedOnToolsVersion = 13.1;
					};
				};
			};
			buildConfigurationList = 1D15652127DA6AFC00CDAC80 /* Build configuration list for PBXProject "FoodRecipe" */;
			compatibilityVersion = "Xcode 13.0";
			developmentRegion = en;
			hasScannedForEncodings = 0;
			knownRegions = (
				en,
				Base,
			);
			mainGroup = 1D15651D27DA6AFC00CDAC80;
			productRefGroup = 1D15652727DA6AFD00CDAC80 /* Products */;
			projectDirPath = "";
			projectReferences = (
				{
					ProductGroup = 1D78571F27DAE513000EE2E7 /* Products */;
					ProjectRef = 1D78571E27DAE513000EE2E7 /* FoodRecipeServices.xcodeproj */;
				},
			);
			projectRoot = "";
			targets = (
				1D15652527DA6AFC00CDAC80 /* FoodRecipe */,
			);
		};
/* End PBXProject section */

/* Begin PBXReferenceProxy section */
		1D78572327DAE513000EE2E7 /* FoodRecipeServices.framework */ = {
			isa = PBXReferenceProxy;
			fileType = wrapper.framework;
			path = FoodRecipeServices.framework;
			remoteRef = 1D78572227DAE513000EE2E7 /* PBXContainerItemProxy */;
			sourceTree = BUILT_PRODUCTS_DIR;
		};
/* End PBXReferenceProxy section */

/* Begin PBXResourcesBuildPhase section */
		1D15652427DA6AFC00CDAC80 /* Resources */ = {
			isa = PBXResourcesBuildPhase;
			buildActionMask = 2147483647;
			files = (
				1DA494DE27E105F00070B04C /* Poppins-Thin.ttf in Resources */,
				1DA494E127E105F00070B04C /* Poppins-MediumItalic.ttf in Resources */,
				1DA494D727E105F00070B04C /* Poppins-ExtraBoldItalic.ttf in Resources */,
				1DA494D627E105F00070B04C /* Poppins-SemiBoldItalic.ttf in Resources */,
				1DA494D027E105F00070B04C /* Poppins-ExtraLight.ttf in Resources */,
				1DA494D427E105F00070B04C /* Poppins-Light.ttf in Resources */,
				1DA494DF27E105F00070B04C /* Poppins-SemiBold.ttf in Resources */,
				1DA494D227E105F00070B04C /* Poppins-ExtraLightItalic.ttf in Resources */,
				1D78574627DAEEAB000EE2E7 /* Images.xcassets in Resources */,
				1DA494DD27E105F00070B04C /* Poppins-Black.ttf in Resources */,
				1DA494E027E105F00070B04C /* Poppins-Italic.ttf in Resources */,
				1DA494B627E1035D0070B04C /* Colors.xcassets in Resources */,
				1DA494DB27E105F00070B04C /* Poppins-LightItalic.ttf in Resources */,
				1DA494D127E105F00070B04C /* Poppins-ThinItalic.ttf in Resources */,
				1DA494D927E105F00070B04C /* Poppins-BlackItalic.ttf in Resources */,
				1DA494DA27E105F00070B04C /* Poppins-Regular.ttf in Resources */,
				1D15653127DA6AFF00CDAC80 /* Preview Assets.xcassets in Resources */,
				1DA494DC27E105F00070B04C /* Poppins-Bold.ttf in Resources */,
				1D15652E27DA6AFF00CDAC80 /* Assets.xcassets in Resources */,
				1DA494D327E105F00070B04C /* Poppins-BoldItalic.ttf in Resources */,
				1DA494D527E105F00070B04C /* Poppins-Medium.ttf in Resources */,
				1DA494F227E118540070B04C /* food.json in Resources */,
				1DA494D827E105F00070B04C /* Poppins-ExtraBold.ttf in Resources */,
			);
			runOnlyForDeploymentPostprocessing = 0;
		};
/* End PBXResourcesBuildPhase section */

/* Begin PBXShellScriptBuildPhase section */
		03F2CE8B8AB7F5FEAD1B6A1A /* [CP] Check Pods Manifest.lock */ = {
			isa = PBXShellScriptBuildPhase;
			buildActionMask = 2147483647;
			files = (
			);
			inputFileListPaths = (
			);
			inputPaths = (
				"${PODS_PODFILE_DIR_PATH}/Podfile.lock",
				"${PODS_ROOT}/Manifest.lock",
			);
			name = "[CP] Check Pods Manifest.lock";
			outputFileListPaths = (
			);
			outputPaths = (
				"$(DERIVED_FILE_DIR)/Pods-FoodRecipe-checkManifestLockResult.txt",
			);
			runOnlyForDeploymentPostprocessing = 0;
			shellPath = /bin/sh;
			shellScript = "diff \"${PODS_PODFILE_DIR_PATH}/Podfile.lock\" \"${PODS_ROOT}/Manifest.lock\" > /dev/null\nif [ $? != 0 ] ; then\n    # print error to STDERR\n    echo \"error: The sandbox is not in sync with the Podfile.lock. Run 'pod install' or update your CocoaPods installation.\" >&2\n    exit 1\nfi\n# This output is used by Xcode 'outputs' to avoid re-running this script phase.\necho \"SUCCESS\" > \"${SCRIPT_OUTPUT_FILE_0}\"\n";
			showEnvVarsInLog = 0;
		};
		B59632B5F92DE9C74B524F63 /* [CP] Embed Pods Frameworks */ = {
			isa = PBXShellScriptBuildPhase;
			buildActionMask = 2147483647;
			files = (
			);
			inputFileListPaths = (
				"${PODS_ROOT}/Target Support Files/Pods-FoodRecipe/Pods-FoodRecipe-frameworks-${CONFIGURATION}-input-files.xcfilelist",
			);
			name = "[CP] Embed Pods Frameworks";
			outputFileListPaths = (
				"${PODS_ROOT}/Target Support Files/Pods-FoodRecipe/Pods-FoodRecipe-frameworks-${CONFIGURATION}-output-files.xcfilelist",
			);
			runOnlyForDeploymentPostprocessing = 0;
			shellPath = /bin/sh;
			shellScript = "\"${PODS_ROOT}/Target Support Files/Pods-FoodRecipe/Pods-FoodRecipe-frameworks.sh\"\n";
			showEnvVarsInLog = 0;
		};
/* End PBXShellScriptBuildPhase section */

/* Begin PBXSourcesBuildPhase section */
		1D15652227DA6AFC00CDAC80 /* Sources */ = {
			isa = PBXSourcesBuildPhase;
			buildActionMask = 2147483647;
			files = (
				1D78575327DCF8E2000EE2E7 /* RecipeItemCard.swift in Sources */,
				1DA494FB27E11A480070B04C /* SplashView.swift in Sources */,
				1D78575527DCF96F000EE2E7 /* FoodRecipesView.swift in Sources */,
				1D15652A27DA6AFD00CDAC80 /* FoodRecipeApp.swift in Sources */,
				1DA494AF27E1020A0070B04C /* AppLink.swift in Sources */,
				1D78575127DCF67C000EE2E7 /* FoodRecipesViewModel.swift in Sources */,
				1D78574A27DB7213000EE2E7 /* BasicBorderView.swift in Sources */,
				1DA494B927E1038B0070B04C /* Font+App.swift in Sources */,
				1D78574B27DB7213000EE2E7 /* BackgroundFloatingView.swift in Sources */,
				1DA494EC27E10A7A0070B04C /* LoginViewModel.swift in Sources */,
				1DA494B227E1020A0070B04C /* AuthHeader.swift in Sources */,
				1D8A0B8127DE92BB008549F8 /* View+App.swift in Sources */,
				1DA494F427E1187D0070B04C /* LottieView.swift in Sources */,
				1DA494B027E1020A0070B04C /* AppBtnLabel.swift in Sources */,
				1DA494BA27E1038B0070B04C /* Color+App.swift in Sources */,
				1DA494AD27E1020A0070B04C /* FloatingTextField.swift in Sources */,
				1D8A0B7B27DE8EAA008549F8 /* FoodRecipeDetailedView.swift in Sources */,
				1DA494A627E101650070B04C /* LoginView.swift in Sources */,
				1D8A0B7E27DE8FB1008549F8 /* WebImageView.swift in Sources */,
				1DA494AE27E1020A0070B04C /* ToastMsg.swift in Sources */,
				1DA494B127E1020A0070B04C /* LoadingCircle.swift in Sources */,
				1D78574427DAEB89000EE2E7 /* HomeView.swift in Sources */,
			);
			runOnlyForDeploymentPostprocessing = 0;
		};
/* End PBXSourcesBuildPhase section */

/* Begin XCBuildConfiguration section */
		1D15653227DA6AFF00CDAC80 /* Debug */ = {
			isa = XCBuildConfiguration;
			buildSettings = {
				ALWAYS_SEARCH_USER_PATHS = NO;
				CLANG_ANALYZER_NONNULL = YES;
				CLANG_ANALYZER_NUMBER_OBJECT_CONVERSION = YES_AGGRESSIVE;
				CLANG_CXX_LANGUAGE_STANDARD = "gnu++17";
				CLANG_CXX_LIBRARY = "libc++";
				CLANG_ENABLE_MODULES = YES;
				CLANG_ENABLE_OBJC_ARC = YES;
				CLANG_ENABLE_OBJC_WEAK = YES;
				CLANG_WARN_BLOCK_CAPTURE_AUTORELEASING = YES;
				CLANG_WARN_BOOL_CONVERSION = YES;
				CLANG_WARN_COMMA = YES;
				CLANG_WARN_CONSTANT_CONVERSION = YES;
				CLANG_WARN_DEPRECATED_OBJC_IMPLEMENTATIONS = YES;
				CLANG_WARN_DIRECT_OBJC_ISA_USAGE = YES_ERROR;
				CLANG_WARN_DOCUMENTATION_COMMENTS = YES;
				CLANG_WARN_EMPTY_BODY = YES;
				CLANG_WARN_ENUM_CONVERSION = YES;
				CLANG_WARN_INFINITE_RECURSION = YES;
				CLANG_WARN_INT_CONVERSION = YES;
				CLANG_WARN_NON_LITERAL_NULL_CONVERSION = YES;
				CLANG_WARN_OBJC_IMPLICIT_RETAIN_SELF = YES;
				CLANG_WARN_OBJC_LITERAL_CONVERSION = YES;
				CLANG_WARN_OBJC_ROOT_CLASS = YES_ERROR;
				CLANG_WARN_QUOTED_INCLUDE_IN_FRAMEWORK_HEADER = YES;
				CLANG_WARN_RANGE_LOOP_ANALYSIS = YES;
				CLANG_WARN_STRICT_PROTOTYPES = YES;
				CLANG_WARN_SUSPICIOUS_MOVE = YES;
				CLANG_WARN_UNGUARDED_AVAILABILITY = YES_AGGRESSIVE;
				CLANG_WARN_UNREACHABLE_CODE = YES;
				CLANG_WARN__DUPLICATE_METHOD_MATCH = YES;
				COPY_PHASE_STRIP = NO;
				DEBUG_INFORMATION_FORMAT = dwarf;
				ENABLE_STRICT_OBJC_MSGSEND = YES;
				ENABLE_TESTABILITY = YES;
				GCC_C_LANGUAGE_STANDARD = gnu11;
				GCC_DYNAMIC_NO_PIC = NO;
				GCC_NO_COMMON_BLOCKS = YES;
				GCC_OPTIMIZATION_LEVEL = 0;
				GCC_PREPROCESSOR_DEFINITIONS = (
					"DEBUG=1",
					"$(inherited)",
				);
				GCC_WARN_64_TO_32_BIT_CONVERSION = YES;
				GCC_WARN_ABOUT_RETURN_TYPE = YES_ERROR;
				GCC_WARN_UNDECLARED_SELECTOR = YES;
				GCC_WARN_UNINITIALIZED_AUTOS = YES_AGGRESSIVE;
				GCC_WARN_UNUSED_FUNCTION = YES;
				GCC_WARN_UNUSED_VARIABLE = YES;
				IPHONEOS_DEPLOYMENT_TARGET = 15.0;
				MTL_ENABLE_DEBUG_INFO = INCLUDE_SOURCE;
				MTL_FAST_MATH = YES;
				ONLY_ACTIVE_ARCH = YES;
				SDKROOT = iphoneos;
				SWIFT_ACTIVE_COMPILATION_CONDITIONS = DEBUG;
				SWIFT_OPTIMIZATION_LEVEL = "-Onone";
			};
			name = Debug;
		};
		1D15653327DA6AFF00CDAC80 /* Release */ = {
			isa = XCBuildConfiguration;
			buildSettings = {
				ALWAYS_SEARCH_USER_PATHS = NO;
				CLANG_ANALYZER_NONNULL = YES;
				CLANG_ANALYZER_NUMBER_OBJECT_CONVERSION = YES_AGGRESSIVE;
				CLANG_CXX_LANGUAGE_STANDARD = "gnu++17";
				CLANG_CXX_LIBRARY = "libc++";
				CLANG_ENABLE_MODULES = YES;
				CLANG_ENABLE_OBJC_ARC = YES;
				CLANG_ENABLE_OBJC_WEAK = YES;
				CLANG_WARN_BLOCK_CAPTURE_AUTORELEASING = YES;
				CLANG_WARN_BOOL_CONVERSION = YES;
				CLANG_WARN_COMMA = YES;
				CLANG_WARN_CONSTANT_CONVERSION = YES;
				CLANG_WARN_DEPRECATED_OBJC_IMPLEMENTATIONS = YES;
				CLANG_WARN_DIRECT_OBJC_ISA_USAGE = YES_ERROR;
				CLANG_WARN_DOCUMENTATION_COMMENTS = YES;
				CLANG_WARN_EMPTY_BODY = YES;
				CLANG_WARN_ENUM_CONVERSION = YES;
				CLANG_WARN_INFINITE_RECURSION = YES;
				CLANG_WARN_INT_CONVERSION = YES;
				CLANG_WARN_NON_LITERAL_NULL_CONVERSION = YES;
				CLANG_WARN_OBJC_IMPLICIT_RETAIN_SELF = YES;
				CLANG_WARN_OBJC_LITERAL_CONVERSION = YES;
				CLANG_WARN_OBJC_ROOT_CLASS = YES_ERROR;
				CLANG_WARN_QUOTED_INCLUDE_IN_FRAMEWORK_HEADER = YES;
				CLANG_WARN_RANGE_LOOP_ANALYSIS = YES;
				CLANG_WARN_STRICT_PROTOTYPES = YES;
				CLANG_WARN_SUSPICIOUS_MOVE = YES;
				CLANG_WARN_UNGUARDED_AVAILABILITY = YES_AGGRESSIVE;
				CLANG_WARN_UNREACHABLE_CODE = YES;
				CLANG_WARN__DUPLICATE_METHOD_MATCH = YES;
				COPY_PHASE_STRIP = NO;
				DEBUG_INFORMATION_FORMAT = "dwarf-with-dsym";
				ENABLE_NS_ASSERTIONS = NO;
				ENABLE_STRICT_OBJC_MSGSEND = YES;
				GCC_C_LANGUAGE_STANDARD = gnu11;
				GCC_NO_COMMON_BLOCKS = YES;
				GCC_WARN_64_TO_32_BIT_CONVERSION = YES;
				GCC_WARN_ABOUT_RETURN_TYPE = YES_ERROR;
				GCC_WARN_UNDECLARED_SELECTOR = YES;
				GCC_WARN_UNINITIALIZED_AUTOS = YES_AGGRESSIVE;
				GCC_WARN_UNUSED_FUNCTION = YES;
				GCC_WARN_UNUSED_VARIABLE = YES;
				IPHONEOS_DEPLOYMENT_TARGET = 15.0;
				MTL_ENABLE_DEBUG_INFO = NO;
				MTL_FAST_MATH = YES;
				SDKROOT = iphoneos;
				SWIFT_COMPILATION_MODE = wholemodule;
				SWIFT_OPTIMIZATION_LEVEL = "-O";
				VALIDATE_PRODUCT = YES;
			};
			name = Release;
		};
		1D15653527DA6AFF00CDAC80 /* Debug */ = {
			isa = XCBuildConfiguration;
			baseConfigurationReference = 4A1507F502AD4E9F96154669 /* Pods-FoodRecipe.debug.xcconfig */;
			buildSettings = {
				ASSETCATALOG_COMPILER_APPICON_NAME = AppIcon;
				ASSETCATALOG_COMPILER_GLOBAL_ACCENT_COLOR_NAME = AccentColor;
				CODE_SIGN_STYLE = Automatic;
				CURRENT_PROJECT_VERSION = 1;
				DEVELOPMENT_ASSET_PATHS = "\"FoodRecipe/Preview Content\"";
				DEVELOPMENT_TEAM = 7Q8B3GBMTP;
				ENABLE_PREVIEWS = YES;
				GENERATE_INFOPLIST_FILE = YES;
				INFOPLIST_FILE = FoodRecipe/Info.plist;
				INFOPLIST_KEY_UIApplicationSceneManifest_Generation = YES;
				INFOPLIST_KEY_UIApplicationSupportsIndirectInputEvents = YES;
				INFOPLIST_KEY_UILaunchScreen_Generation = YES;
				INFOPLIST_KEY_UISupportedInterfaceOrientations_iPad = "UIInterfaceOrientationPortrait UIInterfaceOrientationPortraitUpsideDown UIInterfaceOrientationLandscapeLeft UIInterfaceOrientationLandscapeRight";
				INFOPLIST_KEY_UISupportedInterfaceOrientations_iPhone = "UIInterfaceOrientationPortrait UIInterfaceOrientationLandscapeLeft UIInterfaceOrientationLandscapeRight";
				LD_RUNPATH_SEARCH_PATHS = (
					"$(inherited)",
					"@executable_path/Frameworks",
				);
				MARKETING_VERSION = 1.0;
				PRODUCT_BUNDLE_IDENTIFIER = com.recipeapp.FoodRecipe;
				PRODUCT_NAME = "$(TARGET_NAME)";
				SWIFT_EMIT_LOC_STRINGS = YES;
				SWIFT_VERSION = 5.0;
				TARGETED_DEVICE_FAMILY = "1,2";
			};
			name = Debug;
		};
		1D15653627DA6AFF00CDAC80 /* Release */ = {
			isa = XCBuildConfiguration;
			baseConfigurationReference = 1ECDF0C64EF8CB364461C86B /* Pods-FoodRecipe.release.xcconfig */;
			buildSettings = {
				ASSETCATALOG_COMPILER_APPICON_NAME = AppIcon;
				ASSETCATALOG_COMPILER_GLOBAL_ACCENT_COLOR_NAME = AccentColor;
				CODE_SIGN_STYLE = Automatic;
				CURRENT_PROJECT_VERSION = 1;
				DEVELOPMENT_ASSET_PATHS = "\"FoodRecipe/Preview Content\"";
				DEVELOPMENT_TEAM = 7Q8B3GBMTP;
				ENABLE_PREVIEWS = YES;
				GENERATE_INFOPLIST_FILE = YES;
				INFOPLIST_FILE = FoodRecipe/Info.plist;
				INFOPLIST_KEY_UIApplicationSceneManifest_Generation = YES;
				INFOPLIST_KEY_UIApplicationSupportsIndirectInputEvents = YES;
				INFOPLIST_KEY_UILaunchScreen_Generation = YES;
				INFOPLIST_KEY_UISupportedInterfaceOrientations_iPad = "UIInterfaceOrientationPortrait UIInterfaceOrientationPortraitUpsideDown UIInterfaceOrientationLandscapeLeft UIInterfaceOrientationLandscapeRight";
				INFOPLIST_KEY_UISupportedInterfaceOrientations_iPhone = "UIInterfaceOrientationPortrait UIInterfaceOrientationLandscapeLeft UIInterfaceOrientationLandscapeRight";
				LD_RUNPATH_SEARCH_PATHS = (
					"$(inherited)",
					"@executable_path/Frameworks",
				);
				MARKETING_VERSION = 1.0;
				PRODUCT_BUNDLE_IDENTIFIER = com.recipeapp.FoodRecipe;
				PRODUCT_NAME = "$(TARGET_NAME)";
				SWIFT_EMIT_LOC_STRINGS = YES;
				SWIFT_VERSION = 5.0;
				TARGETED_DEVICE_FAMILY = "1,2";
			};
			name = Release;
		};
/* End XCBuildConfiguration section */

/* Begin XCConfigurationList section */
		1D15652127DA6AFC00CDAC80 /* Build configuration list for PBXProject "FoodRecipe" */ = {
			isa = XCConfigurationList;
			buildConfigurations = (
				1D15653227DA6AFF00CDAC80 /* Debug */,
				1D15653327DA6AFF00CDAC80 /* Release */,
			);
			defaultConfigurationIsVisible = 0;
			defaultConfigurationName = Release;
		};
		1D15653427DA6AFF00CDAC80 /* Build configuration list for PBXNativeTarget "FoodRecipe" */ = {
			isa = XCConfigurationList;
			buildConfigurations = (
				1D15653527DA6AFF00CDAC80 /* Debug */,
				1D15653627DA6AFF00CDAC80 /* Release */,
			);
			defaultConfigurationIsVisible = 0;
			defaultConfigurationName = Release;
		};
/* End XCConfigurationList section */
	};
	rootObject = 1D15651E27DA6AFC00CDAC80 /* Project object */;
}
